
Microsoft Visual Studio Solution File, Format Version 12.00
# Visual Studio Version 16
VisualStudioVersion = 16.0.31911.196
MinimumVisualStudioVersion = 10.0.40219.1
Project("{FAE04EC0-301F-11D3-BF4B-00C04F79EFBC}") = "WindowsFormsApp1", "WindowsFormsApp1\WindowsFormsApp1.csproj", "{C9D876DF-5E8E-4B12-B7C4-1623D2D499EB}"
	ProjectSection(ProjectDependencies) = postProject
		{4AEA5221-DFC0-49D4-8BA4-69043FA9FF91} = {4AEA5221-DFC0-49D4-8BA4-69043FA9FF91}
	EndProjectSection
EndProject
Project("{9A19103F-16F7-4668-BE54-9A1E7A4F7556}") = "Modles", "Modles\Modles.csproj", "{4AEA5221-DFC0-49D4-8BA4-69043FA9FF91}"
EndProject
Global
	GlobalSection(SolutionConfigurationPlatforms) = preSolution
		Debug|Any CPU = Debug|Any CPU
		Release|Any CPU = Release|Any CPU
	EndGlobalSection
	GlobalSection(ProjectConfigurationPlatforms) = postSolution
		{C9D876DF-5E8E-4B12-B7C4-1623D2D499EB}.Debug|Any CPU.ActiveCfg = Debug|Any CPU
		{C9D876DF-5E8E-4B12-B7C4-1623D2D499EB}.Debug|Any CPU.Build.0 = Debug|Any CPU
		{C9D876DF-5E8E-4B12-B7C4-1623D2D499EB}.Release|Any CPU.ActiveCfg = Release|Any CPU
		{C9D876DF-5E8E-4B12-B7C4-1623D2D499EB}.Release|Any CPU.Build.0 = Release|Any CPU
		{4AEA5221-DFC0-49D4-8BA4-69043FA9FF91}.Debug|Any CPU.ActiveCfg = Debug|Any CPU
		{4AEA5221-DFC0-49D4-8BA4-69043FA9FF91}.Debug|Any CPU.Build.0 = Debug|Any CPU
		{4AEA5221-DFC0-49D4-8BA4-69043FA9FF91}.Release|Any CPU.ActiveCfg = Release|Any CPU
		{4AEA5221-DFC0-49D4-8BA4-69043FA9FF91}.Release|Any CPU.Build.0 = Release|Any CPU
	EndGlobalSection
	GlobalSection(SolutionProperties) = preSolution
		HideSolutionNode = FALSE
	EndGlobalSection
	GlobalSection(ExtensibilityGlobals) = postSolution
		SolutionGuid = {8E55B186-DB73-46E3-B333-16D2DFFF7EA0}
	EndGlobalSection
EndGlobal
